
Microsoft Visual Studio Solution File, Format Version 12.00
# Visual Studio 2012
Project("{FAE04EC0-301F-11D3-BF4B-00C04F79EFBC}") = "FoodWasteMS", "FoodWasteMS\FoodWasteMS.csproj", "{034D0AAF-80A6-42AE-BC25-40D93CD696CD}"
EndProject
Global
	GlobalSection(SolutionConfigurationPlatforms) = preSolution
		Debug|Any CPU = Debug|Any CPU
		Release|Any CPU = Release|Any CPU
	EndGlobalSection
	GlobalSection(ProjectConfigurationPlatforms) = postSolution
		{034D0AAF-80A6-42AE-BC25-40D93CD696CD}.Debug|Any CPU.ActiveCfg = Debug|Any CPU
		{034D0AAF-80A6-42AE-BC25-40D93CD696CD}.Debug|Any CPU.Build.0 = Debug|Any CPU
		{034D0AAF-80A6-42AE-BC25-40D93CD696CD}.Release|Any CPU.ActiveCfg = Release|Any CPU
		{034D0AAF-80A6-42AE-BC25-40D93CD696CD}.Release|Any CPU.Build.0 = Release|Any CPU
	EndGlobalSection
	GlobalSection(SolutionProperties) = preSolution
		HideSolutionNode = FALSE
	EndGlobalSection
EndGlobal
